%{"cowboy": {:hex, :cowboy, "1.0.3"},
  "cowlib": {:hex, :cowlib, "1.0.1"},
  "elli": {:git, "https://github.com/knutin/elli.git", "d3a54c059c415b843e9ab27cb5ab134dc113262f", []},
  "elli_websocket": {:git, "https://github.com/mmzeeman/elli_websocket.git", "1ce5f3707fb90332f2983656878e58937d5e903d", []},
  "hashids": {:hex, :hashids, "2.0.0"},
  "pastelli": {:git, "https://github.com/zampino/pastelli.git", "065d2c4c7cc5deb3e3244102e4281c22149e5dc8", []},
  "plug": {:hex, :plug, "1.0.2"},
  "plug_cors": {:hex, :plug_cors, "0.7.1"},
  "poison": {:hex, :poison, "1.3.1"},
  "ranch": {:hex, :ranch, "1.1.0"}}
