%{"cowboy": {:hex, :cowboy, "1.0.0"},
  "cowlib": {:hex, :cowlib, "1.0.1"},
  "elli": {:git, "git@github.com:zampino/elli.git", "84392b794dbf56ebb8b9fcb2d1c4d7c7e0855a12", [ref: "88_fix_chunk_loop"]},
  "plug": {:hex, :plug, "0.11.1"},
  "plug_cors": {:hex, :plug_cors, "0.7.1"},
  "poison": {:hex, :poison, "1.3.1"},
  "ranch": {:hex, :ranch, "1.0.0"}}
